{
  "nodes": {
    "label-renderer": {
      "flake": false,
      "locked": {
        "lastModified": 1788910073,
        "narHash": "sha256-QtxtnEmw29S9t0zn5iZ27XY/c7AbxGc5DSvpxule2zQ=",
        "owner": "datagen24",
        "repo": "victual-label-renderer",
        "rev": "f05c432f7857f976e0223296f968d641fa401254",
        "type": "github"
      },
      "original": {
        "owner": "datagen24",
        "repo": "victual-label-renderer",
        "type": "github"
      }
    },
    "label-worker": {
      "flake": false,
      "locked": {
        "lastModified": 1788953330,
        "narHash": "sha256-l7x+HFFwfL7jqtmWKQNeWmde51rAcF3HZeZ21wwTexs=",
        "owner": "datagen24",
        "repo": "victual-label-worker",
        "rev": "878acda72f4403a5bc02cd7eb0439c53b601deb4",
        "type": "github"
      },
      "original": {
        "owner": "datagen24",
        "repo": "victual-label-worker",
        "type": "github"
      }
    },
    "nixpkgs": {
      "locked": {
        "lastModified": 1788316716,
        "narHash": "sha256-bc7rSpXIdn9QWGNqfWcPZWOhEVF8NoeAZkWq0XWnf/k=",
        "owner": "NixOS",
        "repo": "nixpkgs",
        "rev": "3ed67ec0a4d3c7ab4ae1f04f8ee8df07bfa506a2",
        "type": "github"
      },
      "original": {
        "owner": "NixOS",
        "ref": "nixos-unstable",
        "repo": "nixpkgs",
        "type": "github"
      }
    },
    "root": {
      "inputs": {
        "label-renderer": "label-renderer",
        "label-worker": "label-worker",
        "nixpkgs": "nixpkgs"
      }
    }
  },
  "root": "root",
  "version": 7
}
