{
  "nodes": {
    "nixpkgs": {
      "locked": {
        "lastModified": 1788316716,
        "narHash": "sha256-bc7rSpXIdn9QWGNqfWcPZWOhEVF8NoeAZkWq0XWnf/k=",
        "owner": "NixOS",
        "repo": "nixpkgs",
        "rev": "3ed67ec0a4d3c7ab4ae1f04f8ee8df07bfa506a2",
        "type": "github"
      },
      "original": {
        "owner": "NixOS",
        "ref": "nixos-unstable",
        "repo": "nixpkgs",
        "type": "github"
      }
    },
    "root": {
      "inputs": {
        "nixpkgs": "nixpkgs",
        "victual-label-worker": "victual-label-worker"
      }
    },
    "victual-label-worker": {
      "flake": false,
      "locked": {
        "lastModified": 1788801019,
        "narHash": "sha256-RAC0pkc8HKjNEldjgZdymh7PacLIwhZhEC0LhegVjNw=",
        "ref": "main",
        "rev": "64381f45f1e3677478d70491c433693edd79307e",
        "revCount": 2,
        "type": "git",
        "url": "file:///worker"
      },
      "original": {
        "ref": "main",
        "rev": "64381f45f1e3677478d70491c433693edd79307e",
        "type": "git",
        "url": "file:///worker"
      }
    }
  },
  "root": "root",
  "version": 7
}
